// !$*UTF8*$!
{
	archiveVersion = 1;
	classes = {
	};
	objectVersion = 77;
	objects = {

/* Begin PBXBuildFile section */
		9790440B2F06483E00C3A5CF /* SVGBucket.framework in Frameworks */ = {isa = PBXBuildFile; fileRef = 979044052F06483E00C3A5CF /* SVGBucket.framework */; };
		9790440C2F06483E00C3A5CF /* SVGBucket.framework in Embed Frameworks */ = {isa = PBXBuildFile; fileRef = 979044052F06483E00C3A5CF /* SVGBucket.framework */; settings = {ATTRIBUTES = (CodeSignOnCopy, RemoveHeadersOnCopy, ); }; };
		97E538522F06511400E16B4C /* UIKit.framework in Frameworks */ = {isa = PBXBuildFile; fileRef = 97E538512F06511400E16B4C /* UIKit.framework */; };
		97E538542F06511F00E16B4C /* CoreFoundation.framework in Frameworks */ = {isa = PBXBuildFile; fileRef = 97E538532F06511F00E16B4C /* CoreFoundation.framework */; };
		97E538562F06512500E16B4C /* CoreGraphics.framework in Frameworks */ = {isa = PBXBuildFile; fileRef = 97E538552F06512500E16B4C /* CoreGraphics.framework */; };
		97E538572F06513100E16B4C /* UIKit.framework in Frameworks */ = {isa = PBXBuildFile; fileRef = 97E538512F06511400E16B4C /* UIKit.framework */; };
		97E538582F06513600E16B4C /* CoreFoundation.framework in Frameworks */ = {isa = PBXBuildFile; fileRef = 97E538532F06511F00E16B4C /* CoreFoundation.framework */; };
		97E538592F06513B00E16B4C /* CoreGraphics.framework in Frameworks */ = {isa = PBXBuildFile; fileRef = 97E538552F06512500E16B4C /* CoreGraphics.framework */; };
/* End PBXBuildFile section */

/* Begin PBXContainerItemProxy section */
		979044092F06483E00C3A5CF /* PBXContainerItemProxy */ = {
			isa = PBXContainerItemProxy;
			containerPortal = 979043BC2F06478C00C3A5CF /* Project object */;
			proxyType = 1;
			remoteGlobalIDString = 979044042F06483E00C3A5CF;
			remoteInfo = SVGBucket;
		};
/* End PBXContainerItemProxy section */

/* Begin PBXCopyFilesBuildPhase section */
		979043FE2F0647E800C3A5CF /* Embed Frameworks */ = {
			isa = PBXCopyFilesBuildPhase;
			buildActionMask = 2147483647;
			dstPath = "";
			dstSubfolderSpec = 10;
			files = (
				9790440C2F06483E00C3A5CF /* SVGBucket.framework in Embed Frameworks */,
			);
			name = "Embed Frameworks";
			runOnlyForDeploymentPostprocessing = 0;
		};
		979044142F06485800C3A5CF /* Embed Frameworks */ = {
			isa = PBXCopyFilesBuildPhase;
			buildActionMask = 2147483647;
			dstPath = "";
			dstSubfolderSpec = 10;
			files = (
			);
			name = "Embed Frameworks";
			runOnlyForDeploymentPostprocessing = 0;
		};
/* End PBXCopyFilesBuildPhase section */

/* Begin PBXFileReference section */
		979043C42F06478C00C3A5CF /* SVGDemo.app */ = {isa = PBXFileReference; explicitFileType = wrapper.application; includeInIndex = 0; path = SVGDemo.app; sourceTree = BUILT_PRODUCTS_DIR; };
		979044052F06483E00C3A5CF /* SVGBucket.framework */ = {isa = PBXFileReference; explicitFileType = wrapper.framework; includeInIndex = 0; path = SVGBucket.framework; sourceTree = BUILT_PRODUCTS_DIR; };
		97E538512F06511400E16B4C /* UIKit.framework */ = {isa = PBXFileReference; lastKnownFileType = wrapper.framework; name = UIKit.framework; path = System/Library/Frameworks/UIKit.framework; sourceTree = SDKROOT; };
		97E538532F06511F00E16B4C /* CoreFoundation.framework */ = {isa = PBXFileReference; lastKnownFileType = wrapper.framework; name = CoreFoundation.framework; path = System/Library/Frameworks/CoreFoundation.framework; sourceTree = SDKROOT; };
		97E538552F06512500E16B4C /* CoreGraphics.framework */ = {isa = PBXFileReference; lastKnownFileType = wrapper.framework; name = CoreGraphics.framework; path = System/Library/Frameworks/CoreGraphics.framework; sourceTree = SDKROOT; };
/* End PBXFileReference section */

/* Begin PBXFileSystemSynchronizedBuildFileExceptionSet section */
		979043D62F06478D00C3A5CF /* Exceptions for "SVGDemo" folder in "SVGDemo" target */ = {
			isa = PBXFileSystemSynchronizedBuildFileExceptionSet;
			membershipExceptions = (
				Info.plist,
			);
			target = 979043C32F06478C00C3A5CF /* SVGDemo */;
		};
		979044102F06483E00C3A5CF /* Exceptions for "SVGBucket" folder in "SVGBucket" target */ = {
			isa = PBXFileSystemSynchronizedBuildFileExceptionSet;
			publicHeaders = (
				SVGBucket.h,
				SVGBucket/SVGBucketLoader.h,
			);
			target = 979044042F06483E00C3A5CF /* SVGBucket */;
		};
		979044152F06485800C3A5CF /* Exceptions for "xcframework" folder in "SVGBucket" target */ = {
			isa = PBXFileSystemSynchronizedBuildFileExceptionSet;
			membershipExceptions = (
				lunasvg.xcframework,
			);
			target = 979044042F06483E00C3A5CF /* SVGBucket */;
		};
		979044172F06486800C3A5CF /* Exceptions for "xcframework" folder in "SVGDemo" target */ = {
			isa = PBXFileSystemSynchronizedBuildFileExceptionSet;
			membershipExceptions = (
				lunasvg.xcframework,
			);
			target = 979043C32F06478C00C3A5CF /* SVGDemo */;
		};
/* End PBXFileSystemSynchronizedBuildFileExceptionSet section */

/* Begin PBXFileSystemSynchronizedGroupBuildPhaseMembershipExceptionSet section */
		979044162F06485800C3A5CF /* Exceptions for "xcframework" folder in "Embed Frameworks" phase from "SVGBucket" target */ = {
			isa = PBXFileSystemSynchronizedGroupBuildPhaseMembershipExceptionSet;
			attributesByRelativePath = {
				lunasvg.xcframework = (CodeSignOnCopy, RemoveHeadersOnCopy, );
			};
			buildPhase = 979044142F06485800C3A5CF /* Embed Frameworks */;
			membershipExceptions = (
				lunasvg.xcframework,
			);
		};
/* End PBXFileSystemSynchronizedGroupBuildPhaseMembershipExceptionSet section */

/* Begin PBXFileSystemSynchronizedRootGroup section */
		979043C62F06478C00C3A5CF /* SVGDemo */ = {
			isa = PBXFileSystemSynchronizedRootGroup;
			exceptions = (
				979043D62F06478D00C3A5CF /* Exceptions for "SVGDemo" folder in "SVGDemo" target */,
			);
			path = SVGDemo;
			sourceTree = "<group>";
		};
		979043F92F0647C200C3A5CF /* xcframework */ = {
			isa = PBXFileSystemSynchronizedRootGroup;
			exceptions = (
				979044172F06486800C3A5CF /* Exceptions for "xcframework" folder in "SVGDemo" target */,
				979044152F06485800C3A5CF /* Exceptions for "xcframework" folder in "SVGBucket" target */,
				979044162F06485800C3A5CF /* Exceptions for "xcframework" folder in "Embed Frameworks" phase from "SVGBucket" target */,
			);
			path = xcframework;
			sourceTree = "<group>";
		};
		979044062F06483E00C3A5CF /* SVGBucket */ = {
			isa = PBXFileSystemSynchronizedRootGroup;
			exceptions = (
				979044102F06483E00C3A5CF /* Exceptions for "SVGBucket" folder in "SVGBucket" target */,
			);
			path = SVGBucket;
			sourceTree = "<group>";
		};
/* End PBXFileSystemSynchronizedRootGroup section */

/* Begin PBXFrameworksBuildPhase section */
		979043C12F06478C00C3A5CF /* Frameworks */ = {
			isa = PBXFrameworksBuildPhase;
			buildActionMask = 2147483647;
			files = (
				97E538592F06513B00E16B4C /* CoreGraphics.framework in Frameworks */,
				9790440B2F06483E00C3A5CF /* SVGBucket.framework in Frameworks */,
				97E538572F06513100E16B4C /* UIKit.framework in Frameworks */,
				97E538582F06513600E16B4C /* CoreFoundation.framework in Frameworks */,
			);
			runOnlyForDeploymentPostprocessing = 0;
		};
		979044022F06483E00C3A5CF /* Frameworks */ = {
			isa = PBXFrameworksBuildPhase;
			buildActionMask = 2147483647;
			files = (
				97E538562F06512500E16B4C /* CoreGraphics.framework in Frameworks */,
				97E538522F06511400E16B4C /* UIKit.framework in Frameworks */,
				97E538542F06511F00E16B4C /* CoreFoundation.framework in Frameworks */,
			);
			runOnlyForDeploymentPostprocessing = 0;
		};
/* End PBXFrameworksBuildPhase section */

/* Begin PBXGroup section */
		979043BB2F06478C00C3A5CF = {
			isa = PBXGroup;
			children = (
				979043F92F0647C200C3A5CF /* xcframework */,
				979043C62F06478C00C3A5CF /* SVGDemo */,
				979044062F06483E00C3A5CF /* SVGBucket */,
				979044112F06485800C3A5CF /* Frameworks */,
				979043C52F06478C00C3A5CF /* Products */,
			);
			sourceTree = "<group>";
		};
		979043C52F06478C00C3A5CF /* Products */ = {
			isa = PBXGroup;
			children = (
				979043C42F06478C00C3A5CF /* SVGDemo.app */,
				979044052F06483E00C3A5CF /* SVGBucket.framework */,
			);
			name = Products;
			sourceTree = "<group>";
		};
		979044112F06485800C3A5CF /* Frameworks */ = {
			isa = PBXGroup;
			children = (
				97E538552F06512500E16B4C /* CoreGraphics.framework */,
				97E538532F06511F00E16B4C /* CoreFoundation.framework */,
				97E538512F06511400E16B4C /* UIKit.framework */,
			);
			name = Frameworks;
			sourceTree = "<group>";
		};
/* End PBXGroup section */

/* Begin PBXHeadersBuildPhase section */
		979044002F06483E00C3A5CF /* Headers */ = {
			isa = PBXHeadersBuildPhase;
			buildActionMask = 2147483647;
			files = (
			);
			runOnlyForDeploymentPostprocessing = 0;
		};
/* End PBXHeadersBuildPhase section */

/* Begin PBXNativeTarget section */
		979043C32F06478C00C3A5CF /* SVGDemo */ = {
			isa = PBXNativeTarget;
			buildConfigurationList = 979043D72F06478D00C3A5CF /* Build configuration list for PBXNativeTarget "SVGDemo" */;
			buildPhases = (
				979043C02F06478C00C3A5CF /* Sources */,
				979043C12F06478C00C3A5CF /* Frameworks */,
				979043C22F06478C00C3A5CF /* Resources */,
				979043FE2F0647E800C3A5CF /* Embed Frameworks */,
			);
			buildRules = (
			);
			dependencies = (
				9790440A2F06483E00C3A5CF /* PBXTargetDependency */,
			);
			fileSystemSynchronizedGroups = (
				979043C62F06478C00C3A5CF /* SVGDemo */,
				979043F92F0647C200C3A5CF /* xcframework */,
			);
			name = SVGDemo;
			packageProductDependencies = (
			);
			productName = SVGDemo;
			productReference = 979043C42F06478C00C3A5CF /* SVGDemo.app */;
			productType = "com.apple.product-type.application";
		};
		979044042F06483E00C3A5CF /* SVGBucket */ = {
			isa = PBXNativeTarget;
			buildConfigurationList = 9790440D2F06483E00C3A5CF /* Build configuration list for PBXNativeTarget "SVGBucket" */;
			buildPhases = (
				979044002F06483E00C3A5CF /* Headers */,
				979044012F06483E00C3A5CF /* Sources */,
				979044022F06483E00C3A5CF /* Frameworks */,
				979044032F06483E00C3A5CF /* Resources */,
				979044142F06485800C3A5CF /* Embed Frameworks */,
			);
			buildRules = (
			);
			dependencies = (
			);
			fileSystemSynchronizedGroups = (
				979044062F06483E00C3A5CF /* SVGBucket */,
			);
			name = SVGBucket;
			packageProductDependencies = (
			);
			productName = SVGBucket;
			productReference = 979044052F06483E00C3A5CF /* SVGBucket.framework */;
			productType = "com.apple.product-type.framework";
		};
/* End PBXNativeTarget section */

/* Begin PBXProject section */
		979043BC2F06478C00C3A5CF /* Project object */ = {
			isa = PBXProject;
			attributes = {
				BuildIndependentTargetsInParallel = 1;
				LastSwiftUpdateCheck = 1640;
				LastUpgradeCheck = 1640;
				TargetAttributes = {
					979043C32F06478C00C3A5CF = {
						CreatedOnToolsVersion = 16.4;
					};
					979044042F06483E00C3A5CF = {
						CreatedOnToolsVersion = 16.4;
					};
				};
			};
			buildConfigurationList = 979043BF2F06478C00C3A5CF /* Build configuration list for PBXProject "SVGDemo" */;
			developmentRegion = en;
			hasScannedForEncodings = 0;
			knownRegions = (
				en,
				Base,
			);
			mainGroup = 979043BB2F06478C00C3A5CF;
			minimizedProjectReferenceProxies = 1;
			preferredProjectObjectVersion = 77;
			productRefGroup = 979043C52F06478C00C3A5CF /* Products */;
			projectDirPath = "";
			projectRoot = "";
			targets = (
				979043C32F06478C00C3A5CF /* SVGDemo */,
				979044042F06483E00C3A5CF /* SVGBucket */,
			);
		};
/* End PBXProject section */

/* Begin PBXResourcesBuildPhase section */
		979043C22F06478C00C3A5CF /* Resources */ = {
			isa = PBXResourcesBuildPhase;
			buildActionMask = 2147483647;
			files = (
			);
			runOnlyForDeploymentPostprocessing = 0;
		};
		979044032F06483E00C3A5CF /* Resources */ = {
			isa = PBXResourcesBuildPhase;
			buildActionMask = 2147483647;
			files = (
			);
			runOnlyForDeploymentPostprocessing = 0;
		};
/* End PBXResourcesBuildPhase section */

/* Begin PBXSourcesBuildPhase section */
		979043C02F06478C00C3A5CF /* Sources */ = {
			isa = PBXSourcesBuildPhase;
			buildActionMask = 2147483647;
			files = (
			);
			runOnlyForDeploymentPostprocessing = 0;
		};
		979044012F06483E00C3A5CF /* Sources */ = {
			isa = PBXSourcesBuildPhase;
			buildActionMask = 2147483647;
			files = (
			);
			runOnlyForDeploymentPostprocessing = 0;
		};
/* End PBXSourcesBuildPhase section */

/* Begin PBXTargetDependency section */
		9790440A2F06483E00C3A5CF /* PBXTargetDependency */ = {
			isa = PBXTargetDependency;
			target = 979044042F06483E00C3A5CF /* SVGBucket */;
			targetProxy = 979044092F06483E00C3A5CF /* PBXContainerItemProxy */;
		};
/* End PBXTargetDependency section */

/* Begin XCBuildConfiguration section */
		979043D82F06478D00C3A5CF /* Debug */ = {
			isa = XCBuildConfiguration;
			buildSettings = {
				ASSETCATALOG_COMPILER_APPICON_NAME = AppIcon;
				ASSETCATALOG_COMPILER_GLOBAL_ACCENT_COLOR_NAME = AccentColor;
				CODE_SIGN_STYLE = Automatic;
				CURRENT_PROJECT_VERSION = 1;
				DEVELOPMENT_TEAM = 24B6C2R935;
				GENERATE_INFOPLIST_FILE = YES;
				INFOPLIST_FILE = SVGDemo/Info.plist;
				INFOPLIST_KEY_UIApplicationSupportsIndirectInputEvents = YES;
				INFOPLIST_KEY_UILaunchStoryboardName = LaunchScreen;
				INFOPLIST_KEY_UIMainStoryboardFile = Main;
				INFOPLIST_KEY_UISupportedInterfaceOrientations_iPad = "UIInterfaceOrientationPortrait UIInterfaceOrientationPortraitUpsideDown UIInterfaceOrientationLandscapeLeft UIInterfaceOrientationLandscapeRight";
				INFOPLIST_KEY_UISupportedInterfaceOrientations_iPhone = "UIInterfaceOrientationPortrait UIInterfaceOrientationLandscapeLeft UIInterfaceOrientationLandscapeRight";
				IPHONEOS_DEPLOYMENT_TARGET = 11;
				LD_RUNPATH_SEARCH_PATHS = (
					"$(inherited)",
					"@executable_path/Frameworks",
				);
				MARKETING_VERSION = 1.0;
				PRODUCT_BUNDLE_IDENTIFIER = com.aimh.SVGDemo;
				PRODUCT_NAME = "$(TARGET_NAME)";
				SUPPORTED_PLATFORMS = "iphoneos iphonesimulator";
				SUPPORTS_MACCATALYST = NO;
				SUPPORTS_MAC_DESIGNED_FOR_IPHONE_IPAD = NO;
				SUPPORTS_XR_DESIGNED_FOR_IPHONE_IPAD = NO;
				SWIFT_EMIT_LOC_STRINGS = YES;
				SWIFT_VERSION = 5.0;
				TARGETED_DEVICE_FAMILY = "1,2";
			};
			name = Debug;
		};
		979043D92F06478D00C3A5CF /* Release */ = {
			isa = XCBuildConfiguration;
			buildSettings = {
				ASSETCATALOG_COMPILER_APPICON_NAME = AppIcon;
				ASSETCATALOG_COMPILER_GLOBAL_ACCENT_COLOR_NAME = AccentColor;
				CODE_SIGN_STYLE = Automatic;
				CURRENT_PROJECT_VERSION = 1;
				DEVELOPMENT_TEAM = 24B6C2R935;
				GENERATE_INFOPLIST_FILE = YES;
				INFOPLIST_FILE = SVGDemo/Info.plist;
				INFOPLIST_KEY_UIApplicationSupportsIndirectInputEvents = YES;
				INFOPLIST_KEY_UILaunchStoryboardName = LaunchScreen;
				INFOPLIST_KEY_UIMainStoryboardFile = Main;
				INFOPLIST_KEY_UISupportedInterfaceOrientations_iPad = "UIInterfaceOrientationPortrait UIInterfaceOrientationPortraitUpsideDown UIInterfaceOrientationLandscapeLeft UIInterfaceOrientationLandscapeRight";
				INFOPLIST_KEY_UISupportedInterfaceOrientations_iPhone = "UIInterfaceOrientationPortrait UIInterfaceOrientationLandscapeLeft UIInterfaceOrientationLandscapeRight";
				IPHONEOS_DEPLOYMENT_TARGET = 11;
				LD_RUNPATH_SEARCH_PATHS = (
					"$(inherited)",
					"@executable_path/Frameworks",
				);
				MARKETING_VERSION = 1.0;
				PRODUCT_BUNDLE_IDENTIFIER = com.aimh.SVGDemo;
				PRODUCT_NAME = "$(TARGET_NAME)";
				SUPPORTED_PLATFORMS = "iphoneos iphonesimulator";
				SUPPORTS_MACCATALYST = NO;
				SUPPORTS_MAC_DESIGNED_FOR_IPHONE_IPAD = NO;
				SUPPORTS_XR_DESIGNED_FOR_IPHONE_IPAD = NO;
				SWIFT_EMIT_LOC_STRINGS = YES;
				SWIFT_VERSION = 5.0;
				TARGETED_DEVICE_FAMILY = "1,2";
			};
			name = Release;
		};
		979043DA2F06478D00C3A5CF /* Debug */ = {
			isa = XCBuildConfiguration;
			buildSettings = {
				ALWAYS_SEARCH_USER_PATHS = NO;
				ASSETCATALOG_COMPILER_GENERATE_SWIFT_ASSET_SYMBOL_EXTENSIONS = YES;
				CLANG_ANALYZER_NONNULL = YES;
				CLANG_ANALYZER_NUMBER_OBJECT_CONVERSION = YES_AGGRESSIVE;
				CLANG_CXX_LANGUAGE_STANDARD = "gnu++20";
				CLANG_ENABLE_MODULES = YES;
				CLANG_ENABLE_OBJC_ARC = YES;
				CLANG_ENABLE_OBJC_WEAK = YES;
				CLANG_WARN_BLOCK_CAPTURE_AUTORELEASING = YES;
				CLANG_WARN_BOOL_CONVERSION = YES;
				CLANG_WARN_COMMA = YES;
				CLANG_WARN_CONSTANT_CONVERSION = YES;
				CLANG_WARN_DEPRECATED_OBJC_IMPLEMENTATIONS = YES;
				CLANG_WARN_DIRECT_OBJC_ISA_USAGE = YES_ERROR;
				CLANG_WARN_DOCUMENTATION_COMMENTS = YES;
				CLANG_WARN_EMPTY_BODY = YES;
				CLANG_WARN_ENUM_CONVERSION = YES;
				CLANG_WARN_INFINITE_RECURSION = YES;
				CLANG_WARN_INT_CONVERSION = YES;
				CLANG_WARN_NON_LITERAL_NULL_CONVERSION = YES;
				CLANG_WARN_OBJC_IMPLICIT_RETAIN_SELF = YES;
				CLANG_WARN_OBJC_LITERAL_CONVERSION = YES;
				CLANG_WARN_OBJC_ROOT_CLASS = YES_ERROR;
				CLANG_WARN_QUOTED_INCLUDE_IN_FRAMEWORK_HEADER = YES;
				CLANG_WARN_RANGE_LOOP_ANALYSIS = YES;
				CLANG_WARN_STRICT_PROTOTYPES = YES;
				CLANG_WARN_SUSPICIOUS_MOVE = YES;
				CLANG_WARN_UNGUARDED_AVAILABILITY = YES_AGGRESSIVE;
				CLANG_WARN_UNREACHABLE_CODE = YES;
				CLANG_WARN__DUPLICATE_METHOD_MATCH = YES;
				COPY_PHASE_STRIP = NO;
				DEBUG_INFORMATION_FORMAT = dwarf;
				DEVELOPMENT_TEAM = 24B6C2R935;
				ENABLE_STRICT_OBJC_MSGSEND = YES;
				ENABLE_TESTABILITY = YES;
				ENABLE_USER_SCRIPT_SANDBOXING = YES;
				GCC_C_LANGUAGE_STANDARD = gnu17;
				GCC_DYNAMIC_NO_PIC = NO;
				GCC_NO_COMMON_BLOCKS = YES;
				GCC_OPTIMIZATION_LEVEL = 0;
				GCC_PREPROCESSOR_DEFINITIONS = (
					"DEBUG=1",
					"$(inherited)",
				);
				GCC_WARN_64_TO_32_BIT_CONVERSION = YES;
				GCC_WARN_ABOUT_RETURN_TYPE = YES_ERROR;
				GCC_WARN_UNDECLARED_SELECTOR = YES;
				GCC_WARN_UNINITIALIZED_AUTOS = YES_AGGRESSIVE;
				GCC_WARN_UNUSED_FUNCTION = YES;
				GCC_WARN_UNUSED_VARIABLE = YES;
				IPHONEOS_DEPLOYMENT_TARGET = 18.5;
				LOCALIZATION_PREFERS_STRING_CATALOGS = YES;
				MTL_ENABLE_DEBUG_INFO = INCLUDE_SOURCE;
				MTL_FAST_MATH = YES;
				ONLY_ACTIVE_ARCH = YES;
				SDKROOT = iphoneos;
				SWIFT_ACTIVE_COMPILATION_CONDITIONS = "DEBUG $(inherited)";
				SWIFT_OPTIMIZATION_LEVEL = "-Onone";
				SWIFT_VERSION = 5.0;
			};
			name = Debug;
		};
		979043DB2F06478D00C3A5CF /* Release */ = {
			isa = XCBuildConfiguration;
			buildSettings = {
				ALWAYS_SEARCH_USER_PATHS = NO;
				ASSETCATALOG_COMPILER_GENERATE_SWIFT_ASSET_SYMBOL_EXTENSIONS = YES;
				CLANG_ANALYZER_NONNULL = YES;
				CLANG_ANALYZER_NUMBER_OBJECT_CONVERSION = YES_AGGRESSIVE;
				CLANG_CXX_LANGUAGE_STANDARD = "gnu++20";
				CLANG_ENABLE_MODULES = YES;
				CLANG_ENABLE_OBJC_ARC = YES;
				CLANG_ENABLE_OBJC_WEAK = YES;
				CLANG_WARN_BLOCK_CAPTURE_AUTORELEASING = YES;
				CLANG_WARN_BOOL_CONVERSION = YES;
				CLANG_WARN_COMMA = YES;
				CLANG_WARN_CONSTANT_CONVERSION = YES;
				CLANG_WARN_DEPRECATED_OBJC_IMPLEMENTATIONS = YES;
				CLANG_WARN_DIRECT_OBJC_ISA_USAGE = YES_ERROR;
				CLANG_WARN_DOCUMENTATION_COMMENTS = YES;
				CLANG_WARN_EMPTY_BODY = YES;
				CLANG_WARN_ENUM_CONVERSION = YES;
				CLANG_WARN_INFINITE_RECURSION = YES;
				CLANG_WARN_INT_CONVERSION = YES;
				CLANG_WARN_NON_LITERAL_NULL_CONVERSION = YES;
				CLANG_WARN_OBJC_IMPLICIT_RETAIN_SELF = YES;
				CLANG_WARN_OBJC_LITERAL_CONVERSION = YES;
				CLANG_WARN_OBJC_ROOT_CLASS = YES_ERROR;
				CLANG_WARN_QUOTED_INCLUDE_IN_FRAMEWORK_HEADER = YES;
				CLANG_WARN_RANGE_LOOP_ANALYSIS = YES;
				CLANG_WARN_STRICT_PROTOTYPES = YES;
				CLANG_WARN_SUSPICIOUS_MOVE = YES;
				CLANG_WARN_UNGUARDED_AVAILABILITY = YES_AGGRESSIVE;
				CLANG_WARN_UNREACHABLE_CODE = YES;
				CLANG_WARN__DUPLICATE_METHOD_MATCH = YES;
				COPY_PHASE_STRIP = NO;
				DEBUG_INFORMATION_FORMAT = "dwarf-with-dsym";
				DEVELOPMENT_TEAM = 24B6C2R935;
				ENABLE_NS_ASSERTIONS = NO;
				ENABLE_STRICT_OBJC_MSGSEND = YES;
				ENABLE_USER_SCRIPT_SANDBOXING = YES;
				GCC_C_LANGUAGE_STANDARD = gnu17;
				GCC_NO_COMMON_BLOCKS = YES;
				GCC_WARN_64_TO_32_BIT_CONVERSION = YES;
				GCC_WARN_ABOUT_RETURN_TYPE = YES_ERROR;
				GCC_WARN_UNDECLARED_SELECTOR = YES;
				GCC_WARN_UNINITIALIZED_AUTOS = YES_AGGRESSIVE;
				GCC_WARN_UNUSED_FUNCTION = YES;
				GCC_WARN_UNUSED_VARIABLE = YES;
				IPHONEOS_DEPLOYMENT_TARGET = 18.5;
				LOCALIZATION_PREFERS_STRING_CATALOGS = YES;
				MTL_ENABLE_DEBUG_INFO = NO;
				MTL_FAST_MATH = YES;
				SDKROOT = iphoneos;
				SWIFT_COMPILATION_MODE = wholemodule;
				SWIFT_VERSION = 5.0;
				VALIDATE_PRODUCT = YES;
			};
			name = Release;
		};
		9790440E2F06483E00C3A5CF /* Debug */ = {
			isa = XCBuildConfiguration;
			buildSettings = {
				CODE_SIGN_STYLE = Automatic;
				CURRENT_PROJECT_VERSION = 1;
				DEFINES_MODULE = YES;
				DEVELOPMENT_TEAM = 24B6C2R935;
				DYLIB_COMPATIBILITY_VERSION = 1;
				DYLIB_CURRENT_VERSION = 1;
				DYLIB_INSTALL_NAME_BASE = "@rpath";
				ENABLE_MODULE_VERIFIER = YES;
				GENERATE_INFOPLIST_FILE = YES;
				INFOPLIST_KEY_NSHumanReadableCopyright = "";
				INSTALL_PATH = "$(LOCAL_LIBRARY_DIR)/Frameworks";
				IPHONEOS_DEPLOYMENT_TARGET = 11;
				LD_RUNPATH_SEARCH_PATHS = (
					"$(inherited)",
					"@executable_path/Frameworks",
					"@loader_path/Frameworks",
				);
				MARKETING_VERSION = 1.0;
				MODULE_VERIFIER_SUPPORTED_LANGUAGES = "objective-c objective-c++";
				MODULE_VERIFIER_SUPPORTED_LANGUAGE_STANDARDS = "gnu17 gnu++20";
				PRODUCT_BUNDLE_IDENTIFIER = com.aimh.SVGBucket;
				PRODUCT_NAME = "$(TARGET_NAME:c99extidentifier)";
				SKIP_INSTALL = YES;
				SUPPORTED_PLATFORMS = "iphoneos iphonesimulator";
				SUPPORTS_MACCATALYST = NO;
				SUPPORTS_MAC_DESIGNED_FOR_IPHONE_IPAD = NO;
				SUPPORTS_XR_DESIGNED_FOR_IPHONE_IPAD = NO;
				SWIFT_EMIT_LOC_STRINGS = YES;
				TARGETED_DEVICE_FAMILY = "1,2";
				VERSIONING_SYSTEM = "apple-generic";
				VERSION_INFO_PREFIX = "";
			};
			name = Debug;
		};
		9790440F2F06483E00C3A5CF /* Release */ = {
			isa = XCBuildConfiguration;
			buildSettings = {
				CODE_SIGN_STYLE = Automatic;
				CURRENT_PROJECT_VERSION = 1;
				DEFINES_MODULE = YES;
				DEVELOPMENT_TEAM = 24B6C2R935;
				DYLIB_COMPATIBILITY_VERSION = 1;
				DYLIB_CURRENT_VERSION = 1;
				DYLIB_INSTALL_NAME_BASE = "@rpath";
				ENABLE_MODULE_VERIFIER = YES;
				GENERATE_INFOPLIST_FILE = YES;
				INFOPLIST_KEY_NSHumanReadableCopyright = "";
				INSTALL_PATH = "$(LOCAL_LIBRARY_DIR)/Frameworks";
				IPHONEOS_DEPLOYMENT_TARGET = 11;
				LD_RUNPATH_SEARCH_PATHS = (
					"$(inherited)",
					"@executable_path/Frameworks",
					"@loader_path/Frameworks",
				);
				MARKETING_VERSION = 1.0;
				MODULE_VERIFIER_SUPPORTED_LANGUAGES = "objective-c objective-c++";
				MODULE_VERIFIER_SUPPORTED_LANGUAGE_STANDARDS = "gnu17 gnu++20";
				PRODUCT_BUNDLE_IDENTIFIER = com.aimh.SVGBucket;
				PRODUCT_NAME = "$(TARGET_NAME:c99extidentifier)";
				SKIP_INSTALL = YES;
				SUPPORTED_PLATFORMS = "iphoneos iphonesimulator";
				SUPPORTS_MACCATALYST = NO;
				SUPPORTS_MAC_DESIGNED_FOR_IPHONE_IPAD = NO;
				SUPPORTS_XR_DESIGNED_FOR_IPHONE_IPAD = NO;
				SWIFT_EMIT_LOC_STRINGS = YES;
				TARGETED_DEVICE_FAMILY = "1,2";
				VERSIONING_SYSTEM = "apple-generic";
				VERSION_INFO_PREFIX = "";
			};
			name = Release;
		};
/* End XCBuildConfiguration section */

/* Begin XCConfigurationList section */
		979043BF2F06478C00C3A5CF /* Build configuration list for PBXProject "SVGDemo" */ = {
			isa = XCConfigurationList;
			buildConfigurations = (
				979043DA2F06478D00C3A5CF /* Debug */,
				979043DB2F06478D00C3A5CF /* Release */,
			);
			defaultConfigurationIsVisible = 0;
			defaultConfigurationName = Release;
		};
		979043D72F06478D00C3A5CF /* Build configuration list for PBXNativeTarget "SVGDemo" */ = {
			isa = XCConfigurationList;
			buildConfigurations = (
				979043D82F06478D00C3A5CF /* Debug */,
				979043D92F06478D00C3A5CF /* Release */,
			);
			defaultConfigurationIsVisible = 0;
			defaultConfigurationName = Release;
		};
		9790440D2F06483E00C3A5CF /* Build configuration list for PBXNativeTarget "SVGBucket" */ = {
			isa = XCConfigurationList;
			buildConfigurations = (
				9790440E2F06483E00C3A5CF /* Debug */,
				9790440F2F06483E00C3A5CF /* Release */,
			);
			defaultConfigurationIsVisible = 0;
			defaultConfigurationName = Release;
		};
/* End XCConfigurationList section */
	};
	rootObject = 979043BC2F06478C00C3A5CF /* Project object */;
}
